
Microsoft Visual Studio Solution File, Format Version 12.00
# Visual Studio 2013
VisualStudioVersion = 12.0.31101.0
MinimumVisualStudioVersion = 10.0.40219.1
Project("{FAE04EC0-301F-11D3-BF4B-00C04F79EFBC}") = "WinJS", "WinJS\WinJS.csproj", "{A4F4461A-55D1-4293-8796-675AD2338841}"
EndProject
Project("{FAE04EC0-301F-11D3-BF4B-00C04F79EFBC}") = "WinJSExe", "WinJSExe\WinJSExe.csproj", "{D433F5DD-E814-47CF-A05F-E4D65BFC89EE}"
EndProject
Global
	GlobalSection(SolutionConfigurationPlatforms) = preSolution
		Debug|Any CPU = Debug|Any CPU
		Release|Any CPU = Release|Any CPU
	EndGlobalSection
	GlobalSection(ProjectConfigurationPlatforms) = postSolution
		{A4F4461A-55D1-4293-8796-675AD2338841}.Debug|Any CPU.ActiveCfg = Debug|Any CPU
		{A4F4461A-55D1-4293-8796-675AD2338841}.Debug|Any CPU.Build.0 = Debug|Any CPU
		{A4F4461A-55D1-4293-8796-675AD2338841}.Release|Any CPU.ActiveCfg = Release|Any CPU
		{A4F4461A-55D1-4293-8796-675AD2338841}.Release|Any CPU.Build.0 = Release|Any CPU
		{D433F5DD-E814-47CF-A05F-E4D65BFC89EE}.Debug|Any CPU.ActiveCfg = Debug|Any CPU
		{D433F5DD-E814-47CF-A05F-E4D65BFC89EE}.Debug|Any CPU.Build.0 = Debug|Any CPU
		{D433F5DD-E814-47CF-A05F-E4D65BFC89EE}.Release|Any CPU.ActiveCfg = Release|Any CPU
		{D433F5DD-E814-47CF-A05F-E4D65BFC89EE}.Release|Any CPU.Build.0 = Release|Any CPU
	EndGlobalSection
	GlobalSection(SolutionProperties) = preSolution
		HideSolutionNode = FALSE
	EndGlobalSection
EndGlobal
